<?xml version="1.0" encoding="utf-8"?>
<Project ToolsVersion="4.0" xmlns="http://schemas.microsoft.com/developer/msbuild/2003">
  <ItemGroup>
    <Filter Include="Source Files">
      <UniqueIdentifier>{4FC737F1-C7A5-4376-A066-2A32D752A2FF}</UniqueIdentifier>
      <Extensions>cpp;c;cc;cxx;c++;cppm;ixx;def;odl;idl;hpj;bat;asm;asmx</Extensions>
    </Filter>
    <Filter Include="Header Files">
      <UniqueIdentifier>{93995380-89BD-4b04-88EB-625FBE52EBFB}</UniqueIdentifier>
      <Extensions>h;hh;hpp;hxx;h++;hm;inl;inc;ipp;xsd</Extensions>
    </Filter>
    <Filter Include="Resource Files">
      <UniqueIdentifier>{67DA6AB6-F800-4c08-8B7A-83BB121AAD01}</UniqueIdentifier>
      <Extensions>rc;ico;cur;bmp;dlg;rc2;rct;bin;rgs;gif;jpg;jpeg;jpe;resx;tiff;tif;png;wav;mfcribbon-ms</Extensions>
    </Filter>
  </ItemGroup>
  <ItemGroup>
    <ClInclude Include="include\Application.h">
      <Filter>Header Files</Filter>
    </ClInclude>
    <ClInclude Include="include\GameState.h">
      <Filter>Header Files</Filter>
    </ClInclude>
    <ClInclude Include="include\GameStateManager.h">
      <Filter>Header Files</Filter>
    </ClInclude>
    <ClInclude Include="include\ECSManager.h">
      <Filter>Header Files</Filter>
    </ClInclude>
    <ClInclude Include="include\ECS_components.h">
      <Filter>Header Files</Filter>
    </ClInclude>
    <ClInclude Include="include\ECS_items.h">
      <Filter>Header Files</Filter>
    </ClInclude>
    <ClInclude Include="include\ECS_managers.h">
      <Filter>Header Files</Filter>
    </ClInclude>
    <ClInclude Include="include\ECS_systems.h">
      <Filter>Header Files</Filter>
    </ClInclude>
    <ClInclude Include="include\ECS_tools.h">
      <Filter>Header Files</Filter>
    </ClInclude>
    <ClInclude Include="include\Input.h">
      <Filter>Header Files</Filter>
    </ClInclude>
    <ClInclude Include="include\ECS\ECS_components.h">
      <Filter>Header Files</Filter>
    </ClInclude>
    <ClInclude Include="include\ECS\ECS_items.h">
      <Filter>Header Files</Filter>
    </ClInclude>
    <ClInclude Include="include\ECS\ECS_managers.h">
      <Filter>Header Files</Filter>
    </ClInclude>
    <ClInclude Include="include\ECS\ECS_systems.h">
      <Filter>Header Files</Filter>
    </ClInclude>
    <ClInclude Include="include\ECS\ECS_tools.h">
      <Filter>Header Files</Filter>
    </ClInclude>
    <ClInclude Include="include\ECS\ECSManager.h">
      <Filter>Header Files</Filter>
    </ClInclude>
    <ClInclude Include="include\Graphics\Animator.h">
      <Filter>Header Files</Filter>
    </ClInclude>
    <ClInclude Include="include\Graphics\FBO.h">
      <Filter>Header Files</Filter>
    </ClInclude>
    <ClInclude Include="include\Graphics\GLAllocator.h">
      <Filter>Header Files</Filter>
    </ClInclude>
    <ClInclude Include="include\Graphics\GLShader.h">
      <Filter>Header Files</Filter>
    </ClInclude>
    <ClInclude Include="include\Graphics\RenderManager.h">
      <Filter>Header Files</Filter>
    </ClInclude>
    <ClInclude Include="include\Graphics\SheetAnimator.h">
      <Filter>Header Files</Filter>
    </ClInclude>
    <ClInclude Include="include\Graphics\SpriteManager.h">
      <Filter>Header Files</Filter>
    </ClInclude>
    <ClInclude Include="include\Graphics\SpriteVariable.h">
      <Filter>Header Files</Filter>
    </ClInclude>
    <ClInclude Include="include\Graphics\TransformManager.h">
      <Filter>Header Files</Filter>
    </ClInclude>
    <ClInclude Include="include\Graphics\Vertex.h">
      <Filter>Header Files</Filter>
    </ClInclude>
    <ClInclude Include="include\AI.h">
      <Filter>Header Files</Filter>
    </ClInclude>
    <ClInclude Include="include\AudioManager.h">
      <Filter>Header Files</Filter>
    </ClInclude>
    <ClInclude Include="include\AudioVariable.h">
      <Filter>Header Files</Filter>
    </ClInclude>
    <ClInclude Include="include\ColliderTransformManager.h">
      <Filter>Header Files</Filter>
    </ClInclude>
    <ClInclude Include="include\Collision2DManager.h">
      <Filter>Header Files</Filter>
    </ClInclude>
    <ClInclude Include="include\DialogManager.h">
      <Filter>Header Files</Filter>
    </ClInclude>
    <ClInclude Include="include\LevelEditor.h">
      <Filter>Header Files</Filter>
    </ClInclude>
    <ClInclude Include="include\ResourceManager.h">
      <Filter>Header Files</Filter>
    </ClInclude>
    <ClInclude Include="include\Scene.h">
      <Filter>Header Files</Filter>
    </ClInclude>
    <ClInclude Include="include\Serialization.h">
      <Filter>Header Files</Filter>
    </ClInclude>
    <ClInclude Include="include\SignalHandler.h">
      <Filter>Header Files</Filter>
    </ClInclude>
    <ClInclude Include="include\Start_1.h">
      <Filter>Header Files</Filter>
    </ClInclude>
    <ClInclude Include="include\Start_background.h">
      <Filter>Header Files</Filter>
    </ClInclude>
    <ClInclude Include="include\TagVariable.h">
      <Filter>Header Files</Filter>
    </ClInclude>
    <ClInclude Include="include\Physics\Collision2DManager.h">
      <Filter>Header Files</Filter>
    </ClInclude>
    <ClInclude Include="include\Physics\Physics2DManager.h">
      <Filter>Header Files</Filter>
    </ClInclude>
    <ClInclude Include="include\Player\PlayerController.h">
      <Filter>Header Files</Filter>
    </ClInclude>
    <ClInclude Include="include\Graphics\FontManager.h">
      <Filter>Header Files</Filter>
    </ClInclude>
    <ClInclude Include="include\freetype\freetype.h">
      <Filter>Header Files</Filter>
    </ClInclude>
    <ClInclude Include="include\freetype\ftadvanc.h">
      <Filter>Header Files</Filter>
    </ClInclude>
    <ClInclude Include="include\freetype\ftbbox.h">
      <Filter>Header Files</Filter>
    </ClInclude>
    <ClInclude Include="include\freetype\ftbdf.h">
      <Filter>Header Files</Filter>
    </ClInclude>
    <ClInclude Include="include\freetype\ftbitmap.h">
      <Filter>Header Files</Filter>
    </ClInclude>
    <ClInclude Include="include\freetype\ftbzip2.h">
      <Filter>Header Files</Filter>
    </ClInclude>
    <ClInclude Include="include\freetype\ftcache.h">
      <Filter>Header Files</Filter>
    </ClInclude>
    <ClInclude Include="include\freetype\ftchapters.h">
      <Filter>Header Files</Filter>
    </ClInclude>
    <ClInclude Include="include\freetype\ftcid.h">
      <Filter>Header Files</Filter>
    </ClInclude>
    <ClInclude Include="include\freetype\ftcolor.h">
      <Filter>Header Files</Filter>
    </ClInclude>
    <ClInclude Include="include\freetype\ftdriver.h">
      <Filter>Header Files</Filter>
    </ClInclude>
    <ClInclude Include="include\freetype\fterrdef.h">
      <Filter>Header Files</Filter>
    </ClInclude>
    <ClInclude Include="include\freetype\fterrors.h">
      <Filter>Header Files</Filter>
    </ClInclude>
    <ClInclude Include="include\freetype\ftfntfmt.h">
      <Filter>Header Files</Filter>
    </ClInclude>
    <ClInclude Include="include\freetype\ftgasp.h">
      <Filter>Header Files</Filter>
    </ClInclude>
    <ClInclude Include="include\freetype\ftglyph.h">
      <Filter>Header Files</Filter>
    </ClInclude>
    <ClInclude Include="include\freetype\ftgxval.h">
      <Filter>Header Files</Filter>
    </ClInclude>
    <ClInclude Include="include\freetype\ftgzip.h">
      <Filter>Header Files</Filter>
    </ClInclude>
    <ClInclude Include="include\freetype\ftimage.h">
      <Filter>Header Files</Filter>
    </ClInclude>
    <ClInclude Include="include\freetype\ftincrem.h">
      <Filter>Header Files</Filter>
    </ClInclude>
    <ClInclude Include="include\freetype\ftlcdfil.h">
      <Filter>Header Files</Filter>
    </ClInclude>
    <ClInclude Include="include\freetype\ftlist.h">
      <Filter>Header Files</Filter>
    </ClInclude>
    <ClInclude Include="include\freetype\ftlogging.h">
      <Filter>Header Files</Filter>
    </ClInclude>
    <ClInclude Include="include\freetype\ftlzw.h">
      <Filter>Header Files</Filter>
    </ClInclude>
    <ClInclude Include="include\freetype\ftmac.h">
      <Filter>Header Files</Filter>
    </ClInclude>
    <ClInclude Include="include\freetype\ftmm.h">
      <Filter>Header Files</Filter>
    </ClInclude>
    <ClInclude Include="include\freetype\ftmodapi.h">
      <Filter>Header Files</Filter>
    </ClInclude>
    <ClInclude Include="include\freetype\ftmoderr.h">
      <Filter>Header Files</Filter>
    </ClInclude>
    <ClInclude Include="include\freetype\ftotval.h">
      <Filter>Header Files</Filter>
    </ClInclude>
    <ClInclude Include="include\freetype\ftoutln.h">
      <Filter>Header Files</Filter>
    </ClInclude>
    <ClInclude Include="include\freetype\ftparams.h">
      <Filter>Header Files</Filter>
    </ClInclude>
    <ClInclude Include="include\freetype\ftpfr.h">
      <Filter>Header Files</Filter>
    </ClInclude>
    <ClInclude Include="include\freetype\ftrender.h">
      <Filter>Header Files</Filter>
    </ClInclude>
    <ClInclude Include="include\freetype\ftsizes.h">
      <Filter>Header Files</Filter>
    </ClInclude>
    <ClInclude Include="include\freetype\ftsnames.h">
      <Filter>Header Files</Filter>
    </ClInclude>
    <ClInclude Include="include\freetype\ftstroke.h">
      <Filter>Header Files</Filter>
    </ClInclude>
    <ClInclude Include="include\freetype\ftsynth.h">
      <Filter>Header Files</Filter>
    </ClInclude>
    <ClInclude Include="include\freetype\ftsystem.h">
      <Filter>Header Files</Filter>
    </ClInclude>
    <ClInclude Include="include\freetype\fttrigon.h">
      <Filter>Header Files</Filter>
    </ClInclude>
    <ClInclude Include="include\freetype\fttypes.h">
      <Filter>Header Files</Filter>
    </ClInclude>
    <ClInclude Include="include\freetype\ftwinfnt.h">
      <Filter>Header Files</Filter>
    </ClInclude>
    <ClInclude Include="include\freetype\otsvg.h">
      <Filter>Header Files</Filter>
    </ClInclude>
    <ClInclude Include="include\freetype\t1tables.h">
      <Filter>Header Files</Filter>
    </ClInclude>
    <ClInclude Include="include\freetype\ttnameid.h">
      <Filter>Header Files</Filter>
    </ClInclude>
    <ClInclude Include="include\freetype\tttables.h">
      <Filter>Header Files</Filter>
    </ClInclude>
    <ClInclude Include="include\freetype\tttags.h">
      <Filter>Header Files</Filter>
    </ClInclude>
    <ClInclude Include="include\Graphics\Renderer.h">
      <Filter>Header Files</Filter>
    </ClInclude>
    <ClInclude Include="include\Graphics\Camera.h">
      <Filter>Header Files</Filter>
    </ClInclude>
    <ClInclude Include="include\Logic\LogicSystem.h">
      <Filter>Header Files</Filter>
    </ClInclude>
    <ClInclude Include="include\Logic\MonoScripting.h">
      <Filter>Header Files</Filter>
    </ClInclude>
    <ClInclude Include="include\Logic\ScriptComponent.h">
      <Filter>Header Files</Filter>
    </ClInclude>
    <ClInclude Include="include\Logic\ScriptManager.h">
      <Filter>Header Files</Filter>
    </ClInclude>
    <ClInclude Include="include\Editor\EditorManager.h">
      <Filter>Header Files</Filter>
    </ClInclude>
    <ClInclude Include="include\Editor\AssetPanel.h">
      <Filter>Header Files</Filter>
    </ClInclude>
    <ClInclude Include="include\Editor\DebugPanel.h">
      <Filter>Header Files</Filter>
    </ClInclude>
    <ClInclude Include="include\Editor\DialoguePanel.h">
      <Filter>Header Files</Filter>
    </ClInclude>
    <ClInclude Include="include\Editor\GameViewPanel.h">
      <Filter>Header Files</Filter>
    </ClInclude>
    <ClInclude Include="include\Editor\HierarchyPanel.h">
      <Filter>Header Files</Filter>
    </ClInclude>
    <ClInclude Include="include\Editor\InspectorPanel.h">
      <Filter>Header Files</Filter>
    </ClInclude>
    <ClInclude Include="include\Editor\WorldViewPanel.h">
      <Filter>Header Files</Filter>
    </ClInclude>
    <ClInclude Include="include\Editor\Panel.h">
      <Filter>Header Files</Filter>
    </ClInclude>
    <ClInclude Include="include\Editor\ViewportPanel.h">
      <Filter>Header Files</Filter>
    </ClInclude>
  </ItemGroup>
  <ItemGroup>
    <ClCompile Include="source\Graphics\Animator.cpp">
      <Filter>Source Files</Filter>
    </ClCompile>
    <ClCompile Include="source\Graphics\FBO.cpp">
      <Filter>Source Files</Filter>
    </ClCompile>
    <ClCompile Include="source\Graphics\GLAllocator.cpp">
      <Filter>Source Files</Filter>
    </ClCompile>
    <ClCompile Include="source\Graphics\GLShader.cpp">
      <Filter>Source Files</Filter>
    </ClCompile>
    <ClCompile Include="source\Graphics\RenderManager.cpp">
      <Filter>Source Files</Filter>
    </ClCompile>
    <ClCompile Include="source\Graphics\SheetAnimator.cpp">
      <Filter>Source Files</Filter>
    </ClCompile>
    <ClCompile Include="source\Graphics\SpriteManager.cpp">
      <Filter>Source Files</Filter>
    </ClCompile>
    <ClCompile Include="source\Graphics\TransformManager.cpp">
      <Filter>Source Files</Filter>
    </ClCompile>
    <ClCompile Include="source\AI.cpp">
      <Filter>Source Files</Filter>
    </ClCompile>
    <ClCompile Include="source\AudioManger.cpp">
      <Filter>Source Files</Filter>
    </ClCompile>
    <ClCompile Include="source\ColliderTransformManager.cpp">
      <Filter>Source Files</Filter>
    </ClCompile>
    <ClCompile Include="source\DialogManager.cpp">
      <Filter>Source Files</Filter>
    </ClCompile>
    <ClCompile Include="source\ECS\ECS_managers.cpp">
      <Filter>Source Files</Filter>
    </ClCompile>
    <ClCompile Include="source\ECS\ECS_tools.cpp">
      <Filter>Source Files</Filter>
    </ClCompile>
    <ClCompile Include="source\ECS\ECSManager.cpp">
      <Filter>Source Files</Filter>
    </ClCompile>
    <ClCompile Include="source\LifespanManager.cpp">
      <Filter>Source Files</Filter>
    </ClCompile>
    <ClCompile Include="source\Physics\Physics2DManager.cpp">
      <Filter>Source Files</Filter>
    </ClCompile>
    <ClCompile Include="source\ResourceManager.cpp">
      <Filter>Source Files</Filter>
    </ClCompile>
    <ClCompile Include="source\Serialization.cpp">
      <Filter>Source Files</Filter>
    </ClCompile>
    <ClCompile Include="source\stb_image.cpp">
      <Filter>Source Files</Filter>
    </ClCompile>
    <ClCompile Include="source\Physics\Collision2DManager.cpp">
      <Filter>Source Files</Filter>
    </ClCompile>
    <ClCompile Include="source\Player\PlayerController.cpp">
      <Filter>Source Files</Filter>
    </ClCompile>
    <ClCompile Include="source\Graphics\FontManager.cpp">
      <Filter>Source Files</Filter>
    </ClCompile>
    <ClCompile Include="source\Graphics\Renderer.cpp">
      <Filter>Source Files</Filter>
    </ClCompile>
    <ClCompile Include="source\Graphics\Camera.cpp">
      <Filter>Source Files</Filter>
    </ClCompile>
    <ClCompile Include="source\Logic\LogicSystem.cpp">
      <Filter>Source Files</Filter>
    </ClCompile>
    <ClCompile Include="source\Logic\MonoScripting.cpp">
      <Filter>Source Files</Filter>
    </ClCompile>
    <ClCompile Include="source\Logic\ScriptComponent.cpp">
      <Filter>Source Files</Filter>
    </ClCompile>
    <ClCompile Include="source\Logic\ScriptManager.cpp">
      <Filter>Source Files</Filter>
    </ClCompile>
    <ClCompile Include="source\Editor\EditorManager.cpp">
      <Filter>Source Files</Filter>
    </ClCompile>
    <ClCompile Include="source\Editor\AssetPanel.cpp">
      <Filter>Source Files</Filter>
    </ClCompile>
    <ClCompile Include="source\Editor\DebugPanel.cpp">
      <Filter>Source Files</Filter>
    </ClCompile>
    <ClCompile Include="source\Editor\DialoguePanel.cpp">
      <Filter>Source Files</Filter>
    </ClCompile>
    <ClCompile Include="source\Editor\GameViewPanel.cpp">
      <Filter>Source Files</Filter>
    </ClCompile>
    <ClCompile Include="source\Editor\HierarchyPanel.cpp">
      <Filter>Source Files</Filter>
    </ClCompile>
    <ClCompile Include="source\Editor\InspectorPanel.cpp">
      <Filter>Source Files</Filter>
    </ClCompile>
    <ClCompile Include="source\Editor\WorldViewPanel.cpp">
      <Filter>Source Files</Filter>
    </ClCompile>
    <ClCompile Include="source\Editor\ViewportPanel.cpp">
      <Filter>Source Files</Filter>
    </ClCompile>
  </ItemGroup>
  <ItemGroup>
    <None Include="shaders\batch.frag">
      <Filter>Resource Files</Filter>
    </None>
    <None Include="shaders\batch.vert">
      <Filter>Resource Files</Filter>
    </None>
    <None Include="shaders\default.frag">
      <Filter>Resource Files</Filter>
    </None>
    <None Include="shaders\default.vert">
      <Filter>Resource Files</Filter>
    </None>
    <None Include="shaders\texture.frag" />
    <None Include="shaders\texture.vert" />
    <None Include="shaders\font.frag" />
    <None Include="shaders\font.vert" />
  </ItemGroup>
</Project>