
Microsoft Visual Studio Solution File, Format Version 12.00
# Visual Studio Version 17
VisualStudioVersion = 17.1.32421.90
MinimumVisualStudioVersion = 10.0.40219.1
Project("{8BC9CEB8-8B4A-11D0-8D11-00A0C91BC942}") = "VI", "VI\VI.vcxproj", "{A13CEFD4-7C4D-44EF-BFD1-E39626A7ABA2}"
	ProjectSection(ProjectDependencies) = postProject
		{870E7A71-62A1-4A96-88A7-BDFD76ADAC92} = {870E7A71-62A1-4A96-88A7-BDFD76ADAC92}
	EndProjectSection
EndProject
Project("{8BC9CEB8-8B4A-11D0-8D11-00A0C91BC942}") = "TOOLS", "TOOLS\TOOLS.vcxproj", "{870E7A71-62A1-4A96-88A7-BDFD76ADAC92}"
EndProject
Project("{8BC9CEB8-8B4A-11D0-8D11-00A0C91BC942}") = "APPLICATION", "APPLICATION\APPLICATION.vcxproj", "{ED3FAF9E-7E3A-4EA0-9EA6-19A729231C49}"
	ProjectSection(ProjectDependencies) = postProject
		{870E7A71-62A1-4A96-88A7-BDFD76ADAC92} = {870E7A71-62A1-4A96-88A7-BDFD76ADAC92}
		{A13CEFD4-7C4D-44EF-BFD1-E39626A7ABA2} = {A13CEFD4-7C4D-44EF-BFD1-E39626A7ABA2}
	EndProjectSection
EndProject
Global
	GlobalSection(SolutionConfigurationPlatforms) = preSolution
		Debug|x64 = Debug|x64
		Debug|x86 = Debug|x86
		Release|x64 = Release|x64
		Release|x86 = Release|x86
	EndGlobalSection
	GlobalSection(ProjectConfigurationPlatforms) = postSolution
		{A13CEFD4-7C4D-44EF-BFD1-E39626A7ABA2}.Debug|x64.ActiveCfg = Debug|x64
		{A13CEFD4-7C4D-44EF-BFD1-E39626A7ABA2}.Debug|x64.Build.0 = Debug|x64
		{A13CEFD4-7C4D-44EF-BFD1-E39626A7ABA2}.Debug|x86.ActiveCfg = Debug|Win32
		{A13CEFD4-7C4D-44EF-BFD1-E39626A7ABA2}.Debug|x86.Build.0 = Debug|Win32
		{A13CEFD4-7C4D-44EF-BFD1-E39626A7ABA2}.Release|x64.ActiveCfg = Release|x64
		{A13CEFD4-7C4D-44EF-BFD1-E39626A7ABA2}.Release|x64.Build.0 = Release|x64
		{A13CEFD4-7C4D-44EF-BFD1-E39626A7ABA2}.Release|x86.ActiveCfg = Release|Win32
		{A13CEFD4-7C4D-44EF-BFD1-E39626A7ABA2}.Release|x86.Build.0 = Release|Win32
		{870E7A71-62A1-4A96-88A7-BDFD76ADAC92}.Debug|x64.ActiveCfg = Debug|x64
		{870E7A71-62A1-4A96-88A7-BDFD76ADAC92}.Debug|x64.Build.0 = Debug|x64
		{870E7A71-62A1-4A96-88A7-BDFD76ADAC92}.Debug|x86.ActiveCfg = Debug|Win32
		{870E7A71-62A1-4A96-88A7-BDFD76ADAC92}.Debug|x86.Build.0 = Debug|Win32
		{870E7A71-62A1-4A96-88A7-BDFD76ADAC92}.Release|x64.ActiveCfg = Release|x64
		{870E7A71-62A1-4A96-88A7-BDFD76ADAC92}.Release|x64.Build.0 = Release|x64
		{870E7A71-62A1-4A96-88A7-BDFD76ADAC92}.Release|x86.ActiveCfg = Release|Win32
		{870E7A71-62A1-4A96-88A7-BDFD76ADAC92}.Release|x86.Build.0 = Release|Win32
		{ED3FAF9E-7E3A-4EA0-9EA6-19A729231C49}.Debug|x64.ActiveCfg = Debug|x64
		{ED3FAF9E-7E3A-4EA0-9EA6-19A729231C49}.Debug|x64.Build.0 = Debug|x64
		{ED3FAF9E-7E3A-4EA0-9EA6-19A729231C49}.Debug|x86.ActiveCfg = Debug|Win32
		{ED3FAF9E-7E3A-4EA0-9EA6-19A729231C49}.Debug|x86.Build.0 = Debug|Win32
		{ED3FAF9E-7E3A-4EA0-9EA6-19A729231C49}.Release|x64.ActiveCfg = Release|x64
		{ED3FAF9E-7E3A-4EA0-9EA6-19A729231C49}.Release|x64.Build.0 = Release|x64
		{ED3FAF9E-7E3A-4EA0-9EA6-19A729231C49}.Release|x86.ActiveCfg = Release|Win32
		{ED3FAF9E-7E3A-4EA0-9EA6-19A729231C49}.Release|x86.Build.0 = Release|Win32
	EndGlobalSection
	GlobalSection(SolutionProperties) = preSolution
		HideSolutionNode = FALSE
	EndGlobalSection
	GlobalSection(ExtensibilityGlobals) = postSolution
		SolutionGuid = {8AF66EAA-C372-4B15-857A-ACD7F75F4FD1}
	EndGlobalSection
EndGlobal
